
Microsoft Visual Studio Solution File, Format Version 12.00
# Visual Studio Version 16
VisualStudioVersion = 16.0.31129.286
MinimumVisualStudioVersion = 10.0.40219.1
Project("{9A19103F-16F7-4668-BE54-9A1E7A4F7556}") = "TSKApp", "TSKApp\TSKApp.csproj", "{42521FFE-95DC-4C75-8CDD-FDE2702BE0F4}"
EndProject
Project("{9A19103F-16F7-4668-BE54-9A1E7A4F7556}") = "TSKApp.DAL", "TSKApp.DAL\TSKApp.DAL.csproj", "{2987B2D0-8D7E-4660-A169-6D549CD3089F}"
EndProject
Project("{9A19103F-16F7-4668-BE54-9A1E7A4F7556}") = "TSKApp.BLL", "TSKApp.BLL\TSKApp.BLL.csproj", "{34BE1031-8EE3-41C0-8EB5-C667ECBE2731}"
EndProject
Project("{9A19103F-16F7-4668-BE54-9A1E7A4F7556}") = "TSKApp.PL", "TSKApp.PL\TSKApp.PL.csproj", "{9065C47C-8C74-4A65-8E2A-27D5598C7016}"
EndProject
Project("{9A19103F-16F7-4668-BE54-9A1E7A4F7556}") = "TSKTests", "TSKTests\TSKTests.csproj", "{F9E3DF9F-6C05-44E2-A4FD-6B710F9D0615}"
EndProject
Global
	GlobalSection(SolutionConfigurationPlatforms) = preSolution
		Debug|Any CPU = Debug|Any CPU
		Release|Any CPU = Release|Any CPU
	EndGlobalSection
	GlobalSection(ProjectConfigurationPlatforms) = postSolution
		{42521FFE-95DC-4C75-8CDD-FDE2702BE0F4}.Debug|Any CPU.ActiveCfg = Debug|Any CPU
		{42521FFE-95DC-4C75-8CDD-FDE2702BE0F4}.Debug|Any CPU.Build.0 = Debug|Any CPU
		{42521FFE-95DC-4C75-8CDD-FDE2702BE0F4}.Release|Any CPU.ActiveCfg = Release|Any CPU
		{42521FFE-95DC-4C75-8CDD-FDE2702BE0F4}.Release|Any CPU.Build.0 = Release|Any CPU
		{2987B2D0-8D7E-4660-A169-6D549CD3089F}.Debug|Any CPU.ActiveCfg = Debug|Any CPU
		{2987B2D0-8D7E-4660-A169-6D549CD3089F}.Debug|Any CPU.Build.0 = Debug|Any CPU
		{2987B2D0-8D7E-4660-A169-6D549CD3089F}.Release|Any CPU.ActiveCfg = Release|Any CPU
		{2987B2D0-8D7E-4660-A169-6D549CD3089F}.Release|Any CPU.Build.0 = Release|Any CPU
		{34BE1031-8EE3-41C0-8EB5-C667ECBE2731}.Debug|Any CPU.ActiveCfg = Debug|Any CPU
		{34BE1031-8EE3-41C0-8EB5-C667ECBE2731}.Debug|Any CPU.Build.0 = Debug|Any CPU
		{34BE1031-8EE3-41C0-8EB5-C667ECBE2731}.Release|Any CPU.ActiveCfg = Release|Any CPU
		{34BE1031-8EE3-41C0-8EB5-C667ECBE2731}.Release|Any CPU.Build.0 = Release|Any CPU
		{9065C47C-8C74-4A65-8E2A-27D5598C7016}.Debug|Any CPU.ActiveCfg = Debug|Any CPU
		{9065C47C-8C74-4A65-8E2A-27D5598C7016}.Debug|Any CPU.Build.0 = Debug|Any CPU
		{9065C47C-8C74-4A65-8E2A-27D5598C7016}.Release|Any CPU.ActiveCfg = Release|Any CPU
		{9065C47C-8C74-4A65-8E2A-27D5598C7016}.Release|Any CPU.Build.0 = Release|Any CPU
		{F9E3DF9F-6C05-44E2-A4FD-6B710F9D0615}.Debug|Any CPU.ActiveCfg = Debug|Any CPU
		{F9E3DF9F-6C05-44E2-A4FD-6B710F9D0615}.Debug|Any CPU.Build.0 = Debug|Any CPU
		{F9E3DF9F-6C05-44E2-A4FD-6B710F9D0615}.Release|Any CPU.ActiveCfg = Release|Any CPU
		{F9E3DF9F-6C05-44E2-A4FD-6B710F9D0615}.Release|Any CPU.Build.0 = Release|Any CPU
	EndGlobalSection
	GlobalSection(SolutionProperties) = preSolution
		HideSolutionNode = FALSE
	EndGlobalSection
	GlobalSection(ExtensibilityGlobals) = postSolution
		SolutionGuid = {6DFDBDA3-86B0-4335-B706-54F9B5FB0905}
	EndGlobalSection
EndGlobal
